
Microsoft Visual Studio Solution File, Format Version 12.00
# Visual Studio Version 17
VisualStudioVersion = 17.7.34202.233
MinimumVisualStudioVersion = 10.0.40219.1
Project("{FAE04EC0-301F-11D3-BF4B-00C04F79EFBC}") = "TestFormCollectionBinding", "TestFormCollectionBinding\TestFormCollectionBinding.csproj", "{7342704E-8A1E-4CCE-AA1E-905A020D99AD}"
EndProject
Global
	GlobalSection(SolutionConfigurationPlatforms) = preSolution
		Debug|Any CPU = Debug|Any CPU
		Release|Any CPU = Release|Any CPU
	EndGlobalSection
	GlobalSection(ProjectConfigurationPlatforms) = postSolution
		{7342704E-8A1E-4CCE-AA1E-905A020D99AD}.Debug|Any CPU.ActiveCfg = Debug|Any CPU
		{7342704E-8A1E-4CCE-AA1E-905A020D99AD}.Debug|Any CPU.Build.0 = Debug|Any CPU
		{7342704E-8A1E-4CCE-AA1E-905A020D99AD}.Release|Any CPU.ActiveCfg = Release|Any CPU
		{7342704E-8A1E-4CCE-AA1E-905A020D99AD}.Release|Any CPU.Build.0 = Release|Any CPU
	EndGlobalSection
	GlobalSection(SolutionProperties) = preSolution
		HideSolutionNode = FALSE
	EndGlobalSection
	GlobalSection(ExtensibilityGlobals) = postSolution
		SolutionGuid = {C738B7D6-992B-480D-A345-846B896F11A7}
	EndGlobalSection
EndGlobal
